# THIS IS AN AUTOGENERATED FILE. DO NOT EDIT THIS FILE DIRECTLY.
# yarn lockfile v1


comlinkjs@^2.3.0:
  version "2.3.0"
  resolved "https://registry.yarnpkg.com/comlinkjs/-/comlinkjs-2.3.0.tgz#e00caf677c0283ca15bc8ec099dde987f7d54bb2"

object-path@^0.11.4:
  version "0.11.4"
  resolved "https://registry.yarnpkg.com/object-path/-/object-path-0.11.4.tgz#370ae752fbf37de3ea70a861c23bba8915691949"
